{
    "_meta": {
        "hash": {
            "sha256": "c762d6cbff129d2fbbdfd995ee661bded336a0f8dc7b495365fe2ca529c06ba0"
        },
        "pipfile-spec": 6,
        "requires": {
            "python_version": "3.8"
        },
        "sources": [
            {
                "name": "pypi",
                "url": "https://pypi.org/simple",
                "verify_ssl": true
            }
        ]
    },
    "default": {
        "amply": {
            "hashes": [
                "sha256:6e5d53af62772790ba82a989a3de72b8ce5c1cd809613c06f7cb061f7ec34dc8",
                "sha256:c93da6113cac809487abc6565f41e37b9b8a5d469dcfaf4443d8d35befb181af"
            ],
            "version": "==0.1.2"
        },
        "docutils": {
            "hashes": [
                "sha256:0c5b78adfbf7762415433f5515cd5c9e762339e23369dbe8000d84a4bf4ab3af",
                "sha256:c2de3a60e9e7d07be26b7f2b00ca0309c207e06c100f9cc2a94931fc75a478fc"
            ],
            "markers": "python_version >= '2.7' and python_version not in '3.0, 3.1, 3.2, 3.3, 3.4'",
            "version": "==0.16"
        },
        "pulp": {
            "hashes": [
                "sha256:1953894015ed3b9dfefea14a2fba1deef4b47138ef847d05c66ef9806f9fc3b4",
                "sha256:9d8ecf532868cc31fa9ff59ee5d5b2049600c5c902c18c794a2bad677c1f92e5"
            ],
            "index": "pypi",
            "version": "==2.3"
        },
        "pyparsing": {
            "hashes": [
                "sha256:c203ec8783bf771a155b207279b9bccb8dea02d8f0c9e5f8ead507bc3246ecc1",
                "sha256:ef9d7589ef3c200abe66653d3f1ab1033c3c419ae9b9bdb1240a85b024efc88b"
            ],
            "markers": "python_version >= '2.6' and python_version not in '3.0, 3.1, 3.2'",
            "version": "==2.4.7"
        }
    },
    "develop": {}
}
